
Microsoft Visual Studio Solution File, Format Version 12.00
# Visual Studio 15
Project("{FAE04EC0-301F-11D3-BF4B-00C04F79EFBC}") = "Assembly-CSharp", "Assembly-CSharp.csproj", "{9448E4B6-9A23-232E-5BD1-5FE3BC04113C}"
EndProject
Global
	GlobalSection(SolutionConfigurationPlatforms) = preSolution
		Debug|Any CPU = Debug|Any CPU
		Release|Any CPU = Release|Any CPU
	EndGlobalSection
	GlobalSection(ProjectConfigurationPlatforms) = postSolution
		{9448E4B6-9A23-232E-5BD1-5FE3BC04113C}.Debug|Any CPU.ActiveCfg = Debug|Any CPU
		{9448E4B6-9A23-232E-5BD1-5FE3BC04113C}.Debug|Any CPU.Build.0 = Debug|Any CPU
		{9448E4B6-9A23-232E-5BD1-5FE3BC04113C}.Release|Any CPU.ActiveCfg = Release|Any CPU
		{9448E4B6-9A23-232E-5BD1-5FE3BC04113C}.Release|Any CPU.Build.0 = Release|Any CPU
	EndGlobalSection
	GlobalSection(SolutionProperties) = preSolution
		HideSolutionNode = FALSE
	EndGlobalSection
EndGlobal
